
Microsoft Visual Studio Solution File, Format Version 12.00
# Visual Studio 14
VisualStudioVersion = 14.0.25123.0
MinimumVisualStudioVersion = 10.0.40219.1
Project("{FAE04EC0-301F-11D3-BF4B-00C04F79EFBC}") = "Attend", "Attend\Attend\Attend.csproj", "{A7D70CED-6EAA-4350-9E5F-C608C935E4CE}"
EndProject
Project("{FAE04EC0-301F-11D3-BF4B-00C04F79EFBC}") = "Attend.Droid", "Attend\Attend.Droid\Attend.Droid.csproj", "{18E61C12-0ECF-48C5-BC34-52ACBC2CA419}"
EndProject
Project("{FAE04EC0-301F-11D3-BF4B-00C04F79EFBC}") = "MyAttandance", "MyAttandance\MyAttandance.csproj", "{4FB1EBC8-7B26-41F6-A589-90504554CBBF}"
EndProject
Global
	GlobalSection(SolutionConfigurationPlatforms) = preSolution
		Debug|Any CPU = Debug|Any CPU
		Release|Any CPU = Release|Any CPU
	EndGlobalSection
	GlobalSection(ProjectConfigurationPlatforms) = postSolution
		{A7D70CED-6EAA-4350-9E5F-C608C935E4CE}.Debug|Any CPU.ActiveCfg = Debug|Any CPU
		{A7D70CED-6EAA-4350-9E5F-C608C935E4CE}.Debug|Any CPU.Build.0 = Debug|Any CPU
		{A7D70CED-6EAA-4350-9E5F-C608C935E4CE}.Release|Any CPU.ActiveCfg = Release|Any CPU
		{A7D70CED-6EAA-4350-9E5F-C608C935E4CE}.Release|Any CPU.Build.0 = Release|Any CPU
		{18E61C12-0ECF-48C5-BC34-52ACBC2CA419}.Debug|Any CPU.ActiveCfg = Debug|Any CPU
		{18E61C12-0ECF-48C5-BC34-52ACBC2CA419}.Debug|Any CPU.Build.0 = Debug|Any CPU
		{18E61C12-0ECF-48C5-BC34-52ACBC2CA419}.Debug|Any CPU.Deploy.0 = Debug|Any CPU
		{18E61C12-0ECF-48C5-BC34-52ACBC2CA419}.Release|Any CPU.ActiveCfg = Release|Any CPU
		{18E61C12-0ECF-48C5-BC34-52ACBC2CA419}.Release|Any CPU.Build.0 = Release|Any CPU
		{18E61C12-0ECF-48C5-BC34-52ACBC2CA419}.Release|Any CPU.Deploy.0 = Release|Any CPU
		{4FB1EBC8-7B26-41F6-A589-90504554CBBF}.Debug|Any CPU.ActiveCfg = Debug|Any CPU
		{4FB1EBC8-7B26-41F6-A589-90504554CBBF}.Debug|Any CPU.Build.0 = Debug|Any CPU
		{4FB1EBC8-7B26-41F6-A589-90504554CBBF}.Debug|Any CPU.Deploy.0 = Debug|Any CPU
		{4FB1EBC8-7B26-41F6-A589-90504554CBBF}.Release|Any CPU.ActiveCfg = Release|Any CPU
		{4FB1EBC8-7B26-41F6-A589-90504554CBBF}.Release|Any CPU.Build.0 = Release|Any CPU
		{4FB1EBC8-7B26-41F6-A589-90504554CBBF}.Release|Any CPU.Deploy.0 = Release|Any CPU
	EndGlobalSection
	GlobalSection(SolutionProperties) = preSolution
		HideSolutionNode = FALSE
	EndGlobalSection
EndGlobal
